
Microsoft Visual Studio Solution File, Format Version 12.00
# Visual Studio Version 17
VisualStudioVersion = 17.0.31903.59
MinimumVisualStudioVersion = 10.0.40219.1
Project("{FAE04EC0-301F-11D3-BF4B-00C04F79EFBC}") = "ConsoleApp1", "ConsoleApp1\ConsoleApp1.csproj", "{E7AC11E2-4478-470D-9C33-D809A82D29A3}"
EndProject
Global
	GlobalSection(SolutionConfigurationPlatforms) = preSolution
		Debug|Any CPU = Debug|Any CPU
		Release|Any CPU = Release|Any CPU
	EndGlobalSection
	GlobalSection(SolutionProperties) = preSolution
		HideSolutionNode = FALSE
	EndGlobalSection
	GlobalSection(ProjectConfigurationPlatforms) = postSolution
		{E7AC11E2-4478-470D-9C33-D809A82D29A3}.Debug|Any CPU.ActiveCfg = Debug|Any CPU
		{E7AC11E2-4478-470D-9C33-D809A82D29A3}.Debug|Any CPU.Build.0 = Debug|Any CPU
		{E7AC11E2-4478-470D-9C33-D809A82D29A3}.Release|Any CPU.ActiveCfg = Release|Any CPU
		{E7AC11E2-4478-470D-9C33-D809A82D29A3}.Release|Any CPU.Build.0 = Release|Any CPU
	EndGlobalSection
EndGlobal
